
Microsoft Visual Studio Solution File, Format Version 12.00
# Visual Studio Version 16
VisualStudioVersion = 16.0.28803.352
MinimumVisualStudioVersion = 10.0.40219.1
Project("{8BC9CEB8-8B4A-11D0-8D11-00A0C91BC942}") = "mycnote", "mycnote\mycnote.vcxproj", "{33FAA57A-D3DC-4074-B781-34D2DB76EC35}"
EndProject
Project("{8BC9CEB8-8B4A-11D0-8D11-00A0C91BC942}") = "CppIDE", "CppIDE\CppIDE.vcxproj", "{7755C65C-310A-49FD-848F-0CC418D088C6}"
EndProject
Project("{8BC9CEB8-8B4A-11D0-8D11-00A0C91BC942}") = "CppIDEHandlers", "CppIDEHandlers\CppIDEHandlers.vcxproj", "{B3FE4805-1F96-4A67-9AD9-928EE9486D0C}"
EndProject
Project("{8BC9CEB8-8B4A-11D0-8D11-00A0C91BC942}") = "utils", "utils\utils.vcxproj", "{12EB3FD1-2AAA-491F-9908-F48125FA7C6F}"
EndProject
Project("{8BC9CEB8-8B4A-11D0-8D11-00A0C91BC942}") = "语音识别应用程序1", "语音识别应用程序1\语音识别应用程序1.vcxproj", "{9D8144D5-0181-4059-9D44-ABCD99096B01}"
EndProject
Global
	GlobalSection(SolutionConfigurationPlatforms) = preSolution
		Debug|x64 = Debug|x64
		Debug|x86 = Debug|x86
		Release|x64 = Release|x64
		Release|x86 = Release|x86
	EndGlobalSection
	GlobalSection(ProjectConfigurationPlatforms) = postSolution
		{33FAA57A-D3DC-4074-B781-34D2DB76EC35}.Debug|x64.ActiveCfg = Debug|x64
		{33FAA57A-D3DC-4074-B781-34D2DB76EC35}.Debug|x64.Build.0 = Debug|x64
		{33FAA57A-D3DC-4074-B781-34D2DB76EC35}.Debug|x86.ActiveCfg = Debug|Win32
		{33FAA57A-D3DC-4074-B781-34D2DB76EC35}.Debug|x86.Build.0 = Debug|Win32
		{33FAA57A-D3DC-4074-B781-34D2DB76EC35}.Release|x64.ActiveCfg = Release|x64
		{33FAA57A-D3DC-4074-B781-34D2DB76EC35}.Release|x64.Build.0 = Release|x64
		{33FAA57A-D3DC-4074-B781-34D2DB76EC35}.Release|x86.ActiveCfg = Release|Win32
		{33FAA57A-D3DC-4074-B781-34D2DB76EC35}.Release|x86.Build.0 = Release|Win32
		{7755C65C-310A-49FD-848F-0CC418D088C6}.Debug|x64.ActiveCfg = Debug|x64
		{7755C65C-310A-49FD-848F-0CC418D088C6}.Debug|x64.Build.0 = Debug|x64
		{7755C65C-310A-49FD-848F-0CC418D088C6}.Debug|x86.ActiveCfg = Debug|Win32
		{7755C65C-310A-49FD-848F-0CC418D088C6}.Debug|x86.Build.0 = Debug|Win32
		{7755C65C-310A-49FD-848F-0CC418D088C6}.Release|x64.ActiveCfg = Release|x64
		{7755C65C-310A-49FD-848F-0CC418D088C6}.Release|x64.Build.0 = Release|x64
		{7755C65C-310A-49FD-848F-0CC418D088C6}.Release|x86.ActiveCfg = Release|Win32
		{7755C65C-310A-49FD-848F-0CC418D088C6}.Release|x86.Build.0 = Release|Win32
		{B3FE4805-1F96-4A67-9AD9-928EE9486D0C}.Debug|x64.ActiveCfg = Debug|x64
		{B3FE4805-1F96-4A67-9AD9-928EE9486D0C}.Debug|x64.Build.0 = Debug|x64
		{B3FE4805-1F96-4A67-9AD9-928EE9486D0C}.Debug|x86.ActiveCfg = Debug|Win32
		{B3FE4805-1F96-4A67-9AD9-928EE9486D0C}.Debug|x86.Build.0 = Debug|Win32
		{B3FE4805-1F96-4A67-9AD9-928EE9486D0C}.Release|x64.ActiveCfg = Release|x64
		{B3FE4805-1F96-4A67-9AD9-928EE9486D0C}.Release|x64.Build.0 = Release|x64
		{B3FE4805-1F96-4A67-9AD9-928EE9486D0C}.Release|x86.ActiveCfg = Release|Win32
		{B3FE4805-1F96-4A67-9AD9-928EE9486D0C}.Release|x86.Build.0 = Release|Win32
		{12EB3FD1-2AAA-491F-9908-F48125FA7C6F}.Debug|x64.ActiveCfg = Debug|x64
		{12EB3FD1-2AAA-491F-9908-F48125FA7C6F}.Debug|x64.Build.0 = Debug|x64
		{12EB3FD1-2AAA-491F-9908-F48125FA7C6F}.Debug|x86.ActiveCfg = Debug|Win32
		{12EB3FD1-2AAA-491F-9908-F48125FA7C6F}.Debug|x86.Build.0 = Debug|Win32
		{12EB3FD1-2AAA-491F-9908-F48125FA7C6F}.Release|x64.ActiveCfg = Release|x64
		{12EB3FD1-2AAA-491F-9908-F48125FA7C6F}.Release|x64.Build.0 = Release|x64
		{12EB3FD1-2AAA-491F-9908-F48125FA7C6F}.Release|x86.ActiveCfg = Release|Win32
		{12EB3FD1-2AAA-491F-9908-F48125FA7C6F}.Release|x86.Build.0 = Release|Win32
		{9D8144D5-0181-4059-9D44-ABCD99096B01}.Debug|x64.ActiveCfg = Debug|Win32
		{9D8144D5-0181-4059-9D44-ABCD99096B01}.Debug|x86.ActiveCfg = Debug|Win32
		{9D8144D5-0181-4059-9D44-ABCD99096B01}.Debug|x86.Build.0 = Debug|Win32
		{9D8144D5-0181-4059-9D44-ABCD99096B01}.Release|x64.ActiveCfg = Release|Win32
		{9D8144D5-0181-4059-9D44-ABCD99096B01}.Release|x86.ActiveCfg = Release|Win32
		{9D8144D5-0181-4059-9D44-ABCD99096B01}.Release|x86.Build.0 = Release|Win32
	EndGlobalSection
	GlobalSection(SolutionProperties) = preSolution
		HideSolutionNode = FALSE
	EndGlobalSection
	GlobalSection(ExtensibilityGlobals) = postSolution
		SolutionGuid = {A5A2921B-5B7B-4166-ACB4-5BCC587CC2E0}
	EndGlobalSection
EndGlobal
